
Microsoft Visual Studio Solution File, Format Version 12.00
# Visual Studio 14
VisualStudioVersion = 14.0.24720.0
MinimumVisualStudioVersion = 10.0.40219.1
Project("{FAE04EC0-301F-11D3-BF4B-00C04F79EFBC}") = "JonnyGallo", "JonnyGallo\JonnyGallo\JonnyGallo.csproj", "{EA8B1915-9D87-40E3-8239-DAD0AC00B57A}"
EndProject
Project("{FAE04EC0-301F-11D3-BF4B-00C04F79EFBC}") = "JonnyGallo.Droid", "JonnyGallo\JonnyGallo.Droid\JonnyGallo.Droid.csproj", "{BD11A338-668D-496A-910B-7C761D0BF4FE}"
EndProject
Project("{FAE04EC0-301F-11D3-BF4B-00C04F79EFBC}") = "JonnyGallo.iOS", "JonnyGallo\JonnyGallo.iOS\JonnyGallo.iOS.csproj", "{E391FF24-1EDA-4B1D-A3A9-8E075FDAE1C4}"
EndProject
Project("{FAE04EC0-301F-11D3-BF4B-00C04F79EFBC}") = "JonnyGallo.Data", "JonnyGallo.Data\JonnyGallo.Data.csproj", "{67F9D3A8-F71E-4428-913F-C37AE82CDB24}"
EndProject
Project("{FAE04EC0-301F-11D3-BF4B-00C04F79EFBC}") = "JonnyGallo.Models", "JonnyGallo.Models\JonnyGallo.Models.csproj", "{551A030E-FE19-440D-BB94-CB9718044D1B}"
EndProject
Project("{FAE04EC0-301F-11D3-BF4B-00C04F79EFBC}") = "JonnyGallo.ModelContracts", "JonnyGallo.ModelContracts\JonnyGallo.ModelContracts.csproj", "{DF4E848F-0022-4F23-967B-60C71D504306}"
EndProject
Project("{2150E333-8FDC-42A3-9474-1A3956D46DE8}") = "common", "common", "{971D2D67-0318-450E-B771-26D5413F26EF}"
EndProject
Project("{FAE04EC0-301F-11D3-BF4B-00C04F79EFBC}") = "JonnyGallo.Util", "JonnyGallo.Util\JonnyGallo.Util.csproj", "{0EB99783-5885-4F3F-A5AD-9CFD3FF9BBF1}"
EndProject
Project("{FAE04EC0-301F-11D3-BF4B-00C04F79EFBC}") = "JonnyGallo.Abstractions", "JonnyGallo.Abstractions\JonnyGallo.Abstractions.csproj", "{4A2DE420-9044-4788-AAD5-D0D811E27943}"
EndProject
Project("{FAE04EC0-301F-11D3-BF4B-00C04F79EFBC}") = "JonnyGallo.Common.iOS", "JonnyGallo.Common.iOS\JonnyGallo.Common.iOS.csproj", "{D480A440-318D-4CD2-A662-17D6179B14DE}"
EndProject
Project("{FAE04EC0-301F-11D3-BF4B-00C04F79EFBC}") = "JonnyGallo.Common.Droid", "Acquaint.Common.Droid\JonnyGallo.Common.Droid.csproj", "{1C2073B0-B1E6-4D3B-9D10-B0F278C671E4}"
EndProject
Project("{2150E333-8FDC-42A3-9474-1A3956D46DE8}") = "Tests", "Tests", "{4CABA5A1-8168-41E8-A735-3C7CD31485F1}"
EndProject
Project("{FAE04EC0-301F-11D3-BF4B-00C04F79EFBC}") = "UnitTestAndroid", "UnitTestAndroid\UnitTestAndroid.csproj", "{9E8132CD-599E-420A-9619-E60650D7E87B}"
EndProject
Project("{FAE04EC0-301F-11D3-BF4B-00C04F79EFBC}") = "UnitTest", "UnitTest\UnitTest.csproj", "{A0DE0A26-8484-4854-B27F-B567F33EB595}"
EndProject
Global
	GlobalSection(SolutionConfigurationPlatforms) = preSolution
		Ad-Hoc|Any CPU = Ad-Hoc|Any CPU
		Ad-Hoc|iPhone = Ad-Hoc|iPhone
		Ad-Hoc|iPhoneSimulator = Ad-Hoc|iPhoneSimulator
		AppStore|Any CPU = AppStore|Any CPU
		AppStore|iPhone = AppStore|iPhone
		AppStore|iPhoneSimulator = AppStore|iPhoneSimulator
		Debug|Any CPU = Debug|Any CPU
		Debug|iPhone = Debug|iPhone
		Debug|iPhoneSimulator = Debug|iPhoneSimulator
		Release|Any CPU = Release|Any CPU
		Release|iPhone = Release|iPhone
		Release|iPhoneSimulator = Release|iPhoneSimulator
	EndGlobalSection
	GlobalSection(ProjectConfigurationPlatforms) = postSolution
		{EA8B1915-9D87-40E3-8239-DAD0AC00B57A}.Ad-Hoc|Any CPU.ActiveCfg = Release|Any CPU
		{EA8B1915-9D87-40E3-8239-DAD0AC00B57A}.Ad-Hoc|Any CPU.Build.0 = Release|Any CPU
		{EA8B1915-9D87-40E3-8239-DAD0AC00B57A}.Ad-Hoc|iPhone.ActiveCfg = Release|Any CPU
		{EA8B1915-9D87-40E3-8239-DAD0AC00B57A}.Ad-Hoc|iPhone.Build.0 = Release|Any CPU
		{EA8B1915-9D87-40E3-8239-DAD0AC00B57A}.Ad-Hoc|iPhoneSimulator.ActiveCfg = Release|Any CPU
		{EA8B1915-9D87-40E3-8239-DAD0AC00B57A}.Ad-Hoc|iPhoneSimulator.Build.0 = Release|Any CPU
		{EA8B1915-9D87-40E3-8239-DAD0AC00B57A}.AppStore|Any CPU.ActiveCfg = Release|Any CPU
		{EA8B1915-9D87-40E3-8239-DAD0AC00B57A}.AppStore|Any CPU.Build.0 = Release|Any CPU
		{EA8B1915-9D87-40E3-8239-DAD0AC00B57A}.AppStore|iPhone.ActiveCfg = Release|Any CPU
		{EA8B1915-9D87-40E3-8239-DAD0AC00B57A}.AppStore|iPhone.Build.0 = Release|Any CPU
		{EA8B1915-9D87-40E3-8239-DAD0AC00B57A}.AppStore|iPhoneSimulator.ActiveCfg = Release|Any CPU
		{EA8B1915-9D87-40E3-8239-DAD0AC00B57A}.AppStore|iPhoneSimulator.Build.0 = Release|Any CPU
		{EA8B1915-9D87-40E3-8239-DAD0AC00B57A}.Debug|Any CPU.ActiveCfg = Debug|Any CPU
		{EA8B1915-9D87-40E3-8239-DAD0AC00B57A}.Debug|Any CPU.Build.0 = Debug|Any CPU
		{EA8B1915-9D87-40E3-8239-DAD0AC00B57A}.Debug|iPhone.ActiveCfg = Debug|Any CPU
		{EA8B1915-9D87-40E3-8239-DAD0AC00B57A}.Debug|iPhone.Build.0 = Debug|Any CPU
		{EA8B1915-9D87-40E3-8239-DAD0AC00B57A}.Debug|iPhoneSimulator.ActiveCfg = Debug|Any CPU
		{EA8B1915-9D87-40E3-8239-DAD0AC00B57A}.Debug|iPhoneSimulator.Build.0 = Debug|Any CPU
		{EA8B1915-9D87-40E3-8239-DAD0AC00B57A}.Release|Any CPU.ActiveCfg = Release|Any CPU
		{EA8B1915-9D87-40E3-8239-DAD0AC00B57A}.Release|Any CPU.Build.0 = Release|Any CPU
		{EA8B1915-9D87-40E3-8239-DAD0AC00B57A}.Release|iPhone.ActiveCfg = Release|Any CPU
		{EA8B1915-9D87-40E3-8239-DAD0AC00B57A}.Release|iPhone.Build.0 = Release|Any CPU
		{EA8B1915-9D87-40E3-8239-DAD0AC00B57A}.Release|iPhoneSimulator.ActiveCfg = Release|Any CPU
		{EA8B1915-9D87-40E3-8239-DAD0AC00B57A}.Release|iPhoneSimulator.Build.0 = Release|Any CPU
		{BD11A338-668D-496A-910B-7C761D0BF4FE}.Ad-Hoc|Any CPU.ActiveCfg = Release|Any CPU
		{BD11A338-668D-496A-910B-7C761D0BF4FE}.Ad-Hoc|Any CPU.Build.0 = Release|Any CPU
		{BD11A338-668D-496A-910B-7C761D0BF4FE}.Ad-Hoc|Any CPU.Deploy.0 = Release|Any CPU
		{BD11A338-668D-496A-910B-7C761D0BF4FE}.Ad-Hoc|iPhone.ActiveCfg = Release|Any CPU
		{BD11A338-668D-496A-910B-7C761D0BF4FE}.Ad-Hoc|iPhone.Build.0 = Release|Any CPU
		{BD11A338-668D-496A-910B-7C761D0BF4FE}.Ad-Hoc|iPhone.Deploy.0 = Release|Any CPU
		{BD11A338-668D-496A-910B-7C761D0BF4FE}.Ad-Hoc|iPhoneSimulator.ActiveCfg = Release|Any CPU
		{BD11A338-668D-496A-910B-7C761D0BF4FE}.Ad-Hoc|iPhoneSimulator.Build.0 = Release|Any CPU
		{BD11A338-668D-496A-910B-7C761D0BF4FE}.Ad-Hoc|iPhoneSimulator.Deploy.0 = Release|Any CPU
		{BD11A338-668D-496A-910B-7C761D0BF4FE}.AppStore|Any CPU.ActiveCfg = Release|Any CPU
		{BD11A338-668D-496A-910B-7C761D0BF4FE}.AppStore|Any CPU.Build.0 = Release|Any CPU
		{BD11A338-668D-496A-910B-7C761D0BF4FE}.AppStore|Any CPU.Deploy.0 = Release|Any CPU
		{BD11A338-668D-496A-910B-7C761D0BF4FE}.AppStore|iPhone.ActiveCfg = Release|Any CPU
		{BD11A338-668D-496A-910B-7C761D0BF4FE}.AppStore|iPhone.Build.0 = Release|Any CPU
		{BD11A338-668D-496A-910B-7C761D0BF4FE}.AppStore|iPhone.Deploy.0 = Release|Any CPU
		{BD11A338-668D-496A-910B-7C761D0BF4FE}.AppStore|iPhoneSimulator.ActiveCfg = Release|Any CPU
		{BD11A338-668D-496A-910B-7C761D0BF4FE}.AppStore|iPhoneSimulator.Build.0 = Release|Any CPU
		{BD11A338-668D-496A-910B-7C761D0BF4FE}.AppStore|iPhoneSimulator.Deploy.0 = Release|Any CPU
		{BD11A338-668D-496A-910B-7C761D0BF4FE}.Debug|Any CPU.ActiveCfg = Debug|Any CPU
		{BD11A338-668D-496A-910B-7C761D0BF4FE}.Debug|Any CPU.Build.0 = Debug|Any CPU
		{BD11A338-668D-496A-910B-7C761D0BF4FE}.Debug|Any CPU.Deploy.0 = Debug|Any CPU
		{BD11A338-668D-496A-910B-7C761D0BF4FE}.Debug|iPhone.ActiveCfg = Debug|Any CPU
		{BD11A338-668D-496A-910B-7C761D0BF4FE}.Debug|iPhone.Build.0 = Debug|Any CPU
		{BD11A338-668D-496A-910B-7C761D0BF4FE}.Debug|iPhone.Deploy.0 = Debug|Any CPU
		{BD11A338-668D-496A-910B-7C761D0BF4FE}.Debug|iPhoneSimulator.ActiveCfg = Debug|Any CPU
		{BD11A338-668D-496A-910B-7C761D0BF4FE}.Debug|iPhoneSimulator.Build.0 = Debug|Any CPU
		{BD11A338-668D-496A-910B-7C761D0BF4FE}.Debug|iPhoneSimulator.Deploy.0 = Debug|Any CPU
		{BD11A338-668D-496A-910B-7C761D0BF4FE}.Release|Any CPU.ActiveCfg = Release|Any CPU
		{BD11A338-668D-496A-910B-7C761D0BF4FE}.Release|Any CPU.Build.0 = Release|Any CPU
		{BD11A338-668D-496A-910B-7C761D0BF4FE}.Release|Any CPU.Deploy.0 = Release|Any CPU
		{BD11A338-668D-496A-910B-7C761D0BF4FE}.Release|iPhone.ActiveCfg = Release|Any CPU
		{BD11A338-668D-496A-910B-7C761D0BF4FE}.Release|iPhone.Build.0 = Release|Any CPU
		{BD11A338-668D-496A-910B-7C761D0BF4FE}.Release|iPhone.Deploy.0 = Release|Any CPU
		{BD11A338-668D-496A-910B-7C761D0BF4FE}.Release|iPhoneSimulator.ActiveCfg = Release|Any CPU
		{BD11A338-668D-496A-910B-7C761D0BF4FE}.Release|iPhoneSimulator.Build.0 = Release|Any CPU
		{BD11A338-668D-496A-910B-7C761D0BF4FE}.Release|iPhoneSimulator.Deploy.0 = Release|Any CPU
		{E391FF24-1EDA-4B1D-A3A9-8E075FDAE1C4}.Ad-Hoc|Any CPU.ActiveCfg = Ad-Hoc|iPhone
		{E391FF24-1EDA-4B1D-A3A9-8E075FDAE1C4}.Ad-Hoc|iPhone.ActiveCfg = Ad-Hoc|iPhone
		{E391FF24-1EDA-4B1D-A3A9-8E075FDAE1C4}.Ad-Hoc|iPhone.Build.0 = Ad-Hoc|iPhone
		{E391FF24-1EDA-4B1D-A3A9-8E075FDAE1C4}.Ad-Hoc|iPhoneSimulator.ActiveCfg = Ad-Hoc|iPhoneSimulator
		{E391FF24-1EDA-4B1D-A3A9-8E075FDAE1C4}.Ad-Hoc|iPhoneSimulator.Build.0 = Ad-Hoc|iPhoneSimulator
		{E391FF24-1EDA-4B1D-A3A9-8E075FDAE1C4}.AppStore|Any CPU.ActiveCfg = AppStore|iPhone
		{E391FF24-1EDA-4B1D-A3A9-8E075FDAE1C4}.AppStore|iPhone.ActiveCfg = AppStore|iPhone
		{E391FF24-1EDA-4B1D-A3A9-8E075FDAE1C4}.AppStore|iPhone.Build.0 = AppStore|iPhone
		{E391FF24-1EDA-4B1D-A3A9-8E075FDAE1C4}.AppStore|iPhoneSimulator.ActiveCfg = AppStore|iPhoneSimulator
		{E391FF24-1EDA-4B1D-A3A9-8E075FDAE1C4}.AppStore|iPhoneSimulator.Build.0 = AppStore|iPhoneSimulator
		{E391FF24-1EDA-4B1D-A3A9-8E075FDAE1C4}.Debug|Any CPU.ActiveCfg = Debug|iPhone
		{E391FF24-1EDA-4B1D-A3A9-8E075FDAE1C4}.Debug|iPhone.ActiveCfg = Debug|iPhone
		{E391FF24-1EDA-4B1D-A3A9-8E075FDAE1C4}.Debug|iPhone.Build.0 = Debug|iPhone
		{E391FF24-1EDA-4B1D-A3A9-8E075FDAE1C4}.Debug|iPhoneSimulator.ActiveCfg = Debug|iPhoneSimulator
		{E391FF24-1EDA-4B1D-A3A9-8E075FDAE1C4}.Debug|iPhoneSimulator.Build.0 = Debug|iPhoneSimulator
		{E391FF24-1EDA-4B1D-A3A9-8E075FDAE1C4}.Release|Any CPU.ActiveCfg = Release|iPhone
		{E391FF24-1EDA-4B1D-A3A9-8E075FDAE1C4}.Release|iPhone.ActiveCfg = Release|iPhone
		{E391FF24-1EDA-4B1D-A3A9-8E075FDAE1C4}.Release|iPhone.Build.0 = Release|iPhone
		{E391FF24-1EDA-4B1D-A3A9-8E075FDAE1C4}.Release|iPhoneSimulator.ActiveCfg = Release|iPhoneSimulator
		{E391FF24-1EDA-4B1D-A3A9-8E075FDAE1C4}.Release|iPhoneSimulator.Build.0 = Release|iPhoneSimulator
		{67F9D3A8-F71E-4428-913F-C37AE82CDB24}.Ad-Hoc|Any CPU.ActiveCfg = Release|Any CPU
		{67F9D3A8-F71E-4428-913F-C37AE82CDB24}.Ad-Hoc|Any CPU.Build.0 = Release|Any CPU
		{67F9D3A8-F71E-4428-913F-C37AE82CDB24}.Ad-Hoc|iPhone.ActiveCfg = Release|Any CPU
		{67F9D3A8-F71E-4428-913F-C37AE82CDB24}.Ad-Hoc|iPhone.Build.0 = Release|Any CPU
		{67F9D3A8-F71E-4428-913F-C37AE82CDB24}.Ad-Hoc|iPhoneSimulator.ActiveCfg = Release|Any CPU
		{67F9D3A8-F71E-4428-913F-C37AE82CDB24}.Ad-Hoc|iPhoneSimulator.Build.0 = Release|Any CPU
		{67F9D3A8-F71E-4428-913F-C37AE82CDB24}.AppStore|Any CPU.ActiveCfg = Release|Any CPU
		{67F9D3A8-F71E-4428-913F-C37AE82CDB24}.AppStore|Any CPU.Build.0 = Release|Any CPU
		{67F9D3A8-F71E-4428-913F-C37AE82CDB24}.AppStore|iPhone.ActiveCfg = Release|Any CPU
		{67F9D3A8-F71E-4428-913F-C37AE82CDB24}.AppStore|iPhone.Build.0 = Release|Any CPU
		{67F9D3A8-F71E-4428-913F-C37AE82CDB24}.AppStore|iPhoneSimulator.ActiveCfg = Release|Any CPU
		{67F9D3A8-F71E-4428-913F-C37AE82CDB24}.AppStore|iPhoneSimulator.Build.0 = Release|Any CPU
		{67F9D3A8-F71E-4428-913F-C37AE82CDB24}.Debug|Any CPU.ActiveCfg = Debug|Any CPU
		{67F9D3A8-F71E-4428-913F-C37AE82CDB24}.Debug|Any CPU.Build.0 = Debug|Any CPU
		{67F9D3A8-F71E-4428-913F-C37AE82CDB24}.Debug|iPhone.ActiveCfg = Debug|Any CPU
		{67F9D3A8-F71E-4428-913F-C37AE82CDB24}.Debug|iPhone.Build.0 = Debug|Any CPU
		{67F9D3A8-F71E-4428-913F-C37AE82CDB24}.Debug|iPhoneSimulator.ActiveCfg = Debug|Any CPU
		{67F9D3A8-F71E-4428-913F-C37AE82CDB24}.Debug|iPhoneSimulator.Build.0 = Debug|Any CPU
		{67F9D3A8-F71E-4428-913F-C37AE82CDB24}.Release|Any CPU.ActiveCfg = Release|Any CPU
		{67F9D3A8-F71E-4428-913F-C37AE82CDB24}.Release|Any CPU.Build.0 = Release|Any CPU
		{67F9D3A8-F71E-4428-913F-C37AE82CDB24}.Release|iPhone.ActiveCfg = Release|Any CPU
		{67F9D3A8-F71E-4428-913F-C37AE82CDB24}.Release|iPhone.Build.0 = Release|Any CPU
		{67F9D3A8-F71E-4428-913F-C37AE82CDB24}.Release|iPhoneSimulator.ActiveCfg = Release|Any CPU
		{67F9D3A8-F71E-4428-913F-C37AE82CDB24}.Release|iPhoneSimulator.Build.0 = Release|Any CPU
		{551A030E-FE19-440D-BB94-CB9718044D1B}.Ad-Hoc|Any CPU.ActiveCfg = Release|Any CPU
		{551A030E-FE19-440D-BB94-CB9718044D1B}.Ad-Hoc|Any CPU.Build.0 = Release|Any CPU
		{551A030E-FE19-440D-BB94-CB9718044D1B}.Ad-Hoc|iPhone.ActiveCfg = Release|Any CPU
		{551A030E-FE19-440D-BB94-CB9718044D1B}.Ad-Hoc|iPhone.Build.0 = Release|Any CPU
		{551A030E-FE19-440D-BB94-CB9718044D1B}.Ad-Hoc|iPhoneSimulator.ActiveCfg = Release|Any CPU
		{551A030E-FE19-440D-BB94-CB9718044D1B}.Ad-Hoc|iPhoneSimulator.Build.0 = Release|Any CPU
		{551A030E-FE19-440D-BB94-CB9718044D1B}.AppStore|Any CPU.ActiveCfg = Release|Any CPU
		{551A030E-FE19-440D-BB94-CB9718044D1B}.AppStore|Any CPU.Build.0 = Release|Any CPU
		{551A030E-FE19-440D-BB94-CB9718044D1B}.AppStore|iPhone.ActiveCfg = Release|Any CPU
		{551A030E-FE19-440D-BB94-CB9718044D1B}.AppStore|iPhone.Build.0 = Release|Any CPU
		{551A030E-FE19-440D-BB94-CB9718044D1B}.AppStore|iPhoneSimulator.ActiveCfg = Release|Any CPU
		{551A030E-FE19-440D-BB94-CB9718044D1B}.AppStore|iPhoneSimulator.Build.0 = Release|Any CPU
		{551A030E-FE19-440D-BB94-CB9718044D1B}.Debug|Any CPU.ActiveCfg = Debug|Any CPU
		{551A030E-FE19-440D-BB94-CB9718044D1B}.Debug|Any CPU.Build.0 = Debug|Any CPU
		{551A030E-FE19-440D-BB94-CB9718044D1B}.Debug|iPhone.ActiveCfg = Debug|Any CPU
		{551A030E-FE19-440D-BB94-CB9718044D1B}.Debug|iPhone.Build.0 = Debug|Any CPU
		{551A030E-FE19-440D-BB94-CB9718044D1B}.Debug|iPhoneSimulator.ActiveCfg = Debug|Any CPU
		{551A030E-FE19-440D-BB94-CB9718044D1B}.Debug|iPhoneSimulator.Build.0 = Debug|Any CPU
		{551A030E-FE19-440D-BB94-CB9718044D1B}.Release|Any CPU.ActiveCfg = Release|Any CPU
		{551A030E-FE19-440D-BB94-CB9718044D1B}.Release|Any CPU.Build.0 = Release|Any CPU
		{551A030E-FE19-440D-BB94-CB9718044D1B}.Release|iPhone.ActiveCfg = Release|Any CPU
		{551A030E-FE19-440D-BB94-CB9718044D1B}.Release|iPhone.Build.0 = Release|Any CPU
		{551A030E-FE19-440D-BB94-CB9718044D1B}.Release|iPhoneSimulator.ActiveCfg = Release|Any CPU
		{551A030E-FE19-440D-BB94-CB9718044D1B}.Release|iPhoneSimulator.Build.0 = Release|Any CPU
		{DF4E848F-0022-4F23-967B-60C71D504306}.Ad-Hoc|Any CPU.ActiveCfg = Release|Any CPU
		{DF4E848F-0022-4F23-967B-60C71D504306}.Ad-Hoc|Any CPU.Build.0 = Release|Any CPU
		{DF4E848F-0022-4F23-967B-60C71D504306}.Ad-Hoc|iPhone.ActiveCfg = Release|Any CPU
		{DF4E848F-0022-4F23-967B-60C71D504306}.Ad-Hoc|iPhone.Build.0 = Release|Any CPU
		{DF4E848F-0022-4F23-967B-60C71D504306}.Ad-Hoc|iPhoneSimulator.ActiveCfg = Release|Any CPU
		{DF4E848F-0022-4F23-967B-60C71D504306}.Ad-Hoc|iPhoneSimulator.Build.0 = Release|Any CPU
		{DF4E848F-0022-4F23-967B-60C71D504306}.AppStore|Any CPU.ActiveCfg = Release|Any CPU
		{DF4E848F-0022-4F23-967B-60C71D504306}.AppStore|Any CPU.Build.0 = Release|Any CPU
		{DF4E848F-0022-4F23-967B-60C71D504306}.AppStore|iPhone.ActiveCfg = Release|Any CPU
		{DF4E848F-0022-4F23-967B-60C71D504306}.AppStore|iPhone.Build.0 = Release|Any CPU
		{DF4E848F-0022-4F23-967B-60C71D504306}.AppStore|iPhoneSimulator.ActiveCfg = Release|Any CPU
		{DF4E848F-0022-4F23-967B-60C71D504306}.AppStore|iPhoneSimulator.Build.0 = Release|Any CPU
		{DF4E848F-0022-4F23-967B-60C71D504306}.Debug|Any CPU.ActiveCfg = Debug|Any CPU
		{DF4E848F-0022-4F23-967B-60C71D504306}.Debug|Any CPU.Build.0 = Debug|Any CPU
		{DF4E848F-0022-4F23-967B-60C71D504306}.Debug|iPhone.ActiveCfg = Debug|Any CPU
		{DF4E848F-0022-4F23-967B-60C71D504306}.Debug|iPhone.Build.0 = Debug|Any CPU
		{DF4E848F-0022-4F23-967B-60C71D504306}.Debug|iPhoneSimulator.ActiveCfg = Debug|Any CPU
		{DF4E848F-0022-4F23-967B-60C71D504306}.Debug|iPhoneSimulator.Build.0 = Debug|Any CPU
		{DF4E848F-0022-4F23-967B-60C71D504306}.Release|Any CPU.ActiveCfg = Release|Any CPU
		{DF4E848F-0022-4F23-967B-60C71D504306}.Release|Any CPU.Build.0 = Release|Any CPU
		{DF4E848F-0022-4F23-967B-60C71D504306}.Release|iPhone.ActiveCfg = Release|Any CPU
		{DF4E848F-0022-4F23-967B-60C71D504306}.Release|iPhone.Build.0 = Release|Any CPU
		{DF4E848F-0022-4F23-967B-60C71D504306}.Release|iPhoneSimulator.ActiveCfg = Release|Any CPU
		{DF4E848F-0022-4F23-967B-60C71D504306}.Release|iPhoneSimulator.Build.0 = Release|Any CPU
		{0EB99783-5885-4F3F-A5AD-9CFD3FF9BBF1}.Ad-Hoc|Any CPU.ActiveCfg = Release|Any CPU
		{0EB99783-5885-4F3F-A5AD-9CFD3FF9BBF1}.Ad-Hoc|Any CPU.Build.0 = Release|Any CPU
		{0EB99783-5885-4F3F-A5AD-9CFD3FF9BBF1}.Ad-Hoc|iPhone.ActiveCfg = Release|Any CPU
		{0EB99783-5885-4F3F-A5AD-9CFD3FF9BBF1}.Ad-Hoc|iPhone.Build.0 = Release|Any CPU
		{0EB99783-5885-4F3F-A5AD-9CFD3FF9BBF1}.Ad-Hoc|iPhoneSimulator.ActiveCfg = Release|Any CPU
		{0EB99783-5885-4F3F-A5AD-9CFD3FF9BBF1}.Ad-Hoc|iPhoneSimulator.Build.0 = Release|Any CPU
		{0EB99783-5885-4F3F-A5AD-9CFD3FF9BBF1}.AppStore|Any CPU.ActiveCfg = Release|Any CPU
		{0EB99783-5885-4F3F-A5AD-9CFD3FF9BBF1}.AppStore|Any CPU.Build.0 = Release|Any CPU
		{0EB99783-5885-4F3F-A5AD-9CFD3FF9BBF1}.AppStore|iPhone.ActiveCfg = Release|Any CPU
		{0EB99783-5885-4F3F-A5AD-9CFD3FF9BBF1}.AppStore|iPhone.Build.0 = Release|Any CPU
		{0EB99783-5885-4F3F-A5AD-9CFD3FF9BBF1}.AppStore|iPhoneSimulator.ActiveCfg = Release|Any CPU
		{0EB99783-5885-4F3F-A5AD-9CFD3FF9BBF1}.AppStore|iPhoneSimulator.Build.0 = Release|Any CPU
		{0EB99783-5885-4F3F-A5AD-9CFD3FF9BBF1}.Debug|Any CPU.ActiveCfg = Debug|Any CPU
		{0EB99783-5885-4F3F-A5AD-9CFD3FF9BBF1}.Debug|Any CPU.Build.0 = Debug|Any CPU
		{0EB99783-5885-4F3F-A5AD-9CFD3FF9BBF1}.Debug|iPhone.ActiveCfg = Debug|Any CPU
		{0EB99783-5885-4F3F-A5AD-9CFD3FF9BBF1}.Debug|iPhone.Build.0 = Debug|Any CPU
		{0EB99783-5885-4F3F-A5AD-9CFD3FF9BBF1}.Debug|iPhoneSimulator.ActiveCfg = Debug|Any CPU
		{0EB99783-5885-4F3F-A5AD-9CFD3FF9BBF1}.Debug|iPhoneSimulator.Build.0 = Debug|Any CPU
		{0EB99783-5885-4F3F-A5AD-9CFD3FF9BBF1}.Release|Any CPU.ActiveCfg = Release|Any CPU
		{0EB99783-5885-4F3F-A5AD-9CFD3FF9BBF1}.Release|Any CPU.Build.0 = Release|Any CPU
		{0EB99783-5885-4F3F-A5AD-9CFD3FF9BBF1}.Release|iPhone.ActiveCfg = Release|Any CPU
		{0EB99783-5885-4F3F-A5AD-9CFD3FF9BBF1}.Release|iPhone.Build.0 = Release|Any CPU
		{0EB99783-5885-4F3F-A5AD-9CFD3FF9BBF1}.Release|iPhoneSimulator.ActiveCfg = Release|Any CPU
		{0EB99783-5885-4F3F-A5AD-9CFD3FF9BBF1}.Release|iPhoneSimulator.Build.0 = Release|Any CPU
		{4A2DE420-9044-4788-AAD5-D0D811E27943}.Ad-Hoc|Any CPU.ActiveCfg = Release|Any CPU
		{4A2DE420-9044-4788-AAD5-D0D811E27943}.Ad-Hoc|Any CPU.Build.0 = Release|Any CPU
		{4A2DE420-9044-4788-AAD5-D0D811E27943}.Ad-Hoc|iPhone.ActiveCfg = Release|Any CPU
		{4A2DE420-9044-4788-AAD5-D0D811E27943}.Ad-Hoc|iPhone.Build.0 = Release|Any CPU
		{4A2DE420-9044-4788-AAD5-D0D811E27943}.Ad-Hoc|iPhoneSimulator.ActiveCfg = Release|Any CPU
		{4A2DE420-9044-4788-AAD5-D0D811E27943}.Ad-Hoc|iPhoneSimulator.Build.0 = Release|Any CPU
		{4A2DE420-9044-4788-AAD5-D0D811E27943}.AppStore|Any CPU.ActiveCfg = Release|Any CPU
		{4A2DE420-9044-4788-AAD5-D0D811E27943}.AppStore|Any CPU.Build.0 = Release|Any CPU
		{4A2DE420-9044-4788-AAD5-D0D811E27943}.AppStore|iPhone.ActiveCfg = Release|Any CPU
		{4A2DE420-9044-4788-AAD5-D0D811E27943}.AppStore|iPhone.Build.0 = Release|Any CPU
		{4A2DE420-9044-4788-AAD5-D0D811E27943}.AppStore|iPhoneSimulator.ActiveCfg = Release|Any CPU
		{4A2DE420-9044-4788-AAD5-D0D811E27943}.AppStore|iPhoneSimulator.Build.0 = Release|Any CPU
		{4A2DE420-9044-4788-AAD5-D0D811E27943}.Debug|Any CPU.ActiveCfg = Debug|Any CPU
		{4A2DE420-9044-4788-AAD5-D0D811E27943}.Debug|Any CPU.Build.0 = Debug|Any CPU
		{4A2DE420-9044-4788-AAD5-D0D811E27943}.Debug|iPhone.ActiveCfg = Debug|Any CPU
		{4A2DE420-9044-4788-AAD5-D0D811E27943}.Debug|iPhone.Build.0 = Debug|Any CPU
		{4A2DE420-9044-4788-AAD5-D0D811E27943}.Debug|iPhoneSimulator.ActiveCfg = Debug|Any CPU
		{4A2DE420-9044-4788-AAD5-D0D811E27943}.Debug|iPhoneSimulator.Build.0 = Debug|Any CPU
		{4A2DE420-9044-4788-AAD5-D0D811E27943}.Release|Any CPU.ActiveCfg = Release|Any CPU
		{4A2DE420-9044-4788-AAD5-D0D811E27943}.Release|Any CPU.Build.0 = Release|Any CPU
		{4A2DE420-9044-4788-AAD5-D0D811E27943}.Release|iPhone.ActiveCfg = Release|Any CPU
		{4A2DE420-9044-4788-AAD5-D0D811E27943}.Release|iPhone.Build.0 = Release|Any CPU
		{4A2DE420-9044-4788-AAD5-D0D811E27943}.Release|iPhoneSimulator.ActiveCfg = Release|Any CPU
		{4A2DE420-9044-4788-AAD5-D0D811E27943}.Release|iPhoneSimulator.Build.0 = Release|Any CPU
		{D480A440-318D-4CD2-A662-17D6179B14DE}.Ad-Hoc|Any CPU.ActiveCfg = Release|Any CPU
		{D480A440-318D-4CD2-A662-17D6179B14DE}.Ad-Hoc|Any CPU.Build.0 = Release|Any CPU
		{D480A440-318D-4CD2-A662-17D6179B14DE}.Ad-Hoc|iPhone.ActiveCfg = Release|Any CPU
		{D480A440-318D-4CD2-A662-17D6179B14DE}.Ad-Hoc|iPhone.Build.0 = Release|Any CPU
		{D480A440-318D-4CD2-A662-17D6179B14DE}.Ad-Hoc|iPhoneSimulator.ActiveCfg = Release|Any CPU
		{D480A440-318D-4CD2-A662-17D6179B14DE}.Ad-Hoc|iPhoneSimulator.Build.0 = Release|Any CPU
		{D480A440-318D-4CD2-A662-17D6179B14DE}.AppStore|Any CPU.ActiveCfg = Release|Any CPU
		{D480A440-318D-4CD2-A662-17D6179B14DE}.AppStore|Any CPU.Build.0 = Release|Any CPU
		{D480A440-318D-4CD2-A662-17D6179B14DE}.AppStore|iPhone.ActiveCfg = Release|Any CPU
		{D480A440-318D-4CD2-A662-17D6179B14DE}.AppStore|iPhone.Build.0 = Release|Any CPU
		{D480A440-318D-4CD2-A662-17D6179B14DE}.AppStore|iPhoneSimulator.ActiveCfg = Release|Any CPU
		{D480A440-318D-4CD2-A662-17D6179B14DE}.AppStore|iPhoneSimulator.Build.0 = Release|Any CPU
		{D480A440-318D-4CD2-A662-17D6179B14DE}.Debug|Any CPU.ActiveCfg = Debug|Any CPU
		{D480A440-318D-4CD2-A662-17D6179B14DE}.Debug|Any CPU.Build.0 = Debug|Any CPU
		{D480A440-318D-4CD2-A662-17D6179B14DE}.Debug|iPhone.ActiveCfg = Debug|Any CPU
		{D480A440-318D-4CD2-A662-17D6179B14DE}.Debug|iPhone.Build.0 = Debug|Any CPU
		{D480A440-318D-4CD2-A662-17D6179B14DE}.Debug|iPhoneSimulator.ActiveCfg = Debug|Any CPU
		{D480A440-318D-4CD2-A662-17D6179B14DE}.Debug|iPhoneSimulator.Build.0 = Debug|Any CPU
		{D480A440-318D-4CD2-A662-17D6179B14DE}.Release|Any CPU.ActiveCfg = Release|Any CPU
		{D480A440-318D-4CD2-A662-17D6179B14DE}.Release|Any CPU.Build.0 = Release|Any CPU
		{D480A440-318D-4CD2-A662-17D6179B14DE}.Release|iPhone.ActiveCfg = Release|Any CPU
		{D480A440-318D-4CD2-A662-17D6179B14DE}.Release|iPhone.Build.0 = Release|Any CPU
		{D480A440-318D-4CD2-A662-17D6179B14DE}.Release|iPhoneSimulator.ActiveCfg = Release|Any CPU
		{D480A440-318D-4CD2-A662-17D6179B14DE}.Release|iPhoneSimulator.Build.0 = Release|Any CPU
		{1C2073B0-B1E6-4D3B-9D10-B0F278C671E4}.Ad-Hoc|Any CPU.ActiveCfg = Release|Any CPU
		{1C2073B0-B1E6-4D3B-9D10-B0F278C671E4}.Ad-Hoc|Any CPU.Build.0 = Release|Any CPU
		{1C2073B0-B1E6-4D3B-9D10-B0F278C671E4}.Ad-Hoc|iPhone.ActiveCfg = Release|Any CPU
		{1C2073B0-B1E6-4D3B-9D10-B0F278C671E4}.Ad-Hoc|iPhone.Build.0 = Release|Any CPU
		{1C2073B0-B1E6-4D3B-9D10-B0F278C671E4}.Ad-Hoc|iPhoneSimulator.ActiveCfg = Release|Any CPU
		{1C2073B0-B1E6-4D3B-9D10-B0F278C671E4}.Ad-Hoc|iPhoneSimulator.Build.0 = Release|Any CPU
		{1C2073B0-B1E6-4D3B-9D10-B0F278C671E4}.AppStore|Any CPU.ActiveCfg = Release|Any CPU
		{1C2073B0-B1E6-4D3B-9D10-B0F278C671E4}.AppStore|Any CPU.Build.0 = Release|Any CPU
		{1C2073B0-B1E6-4D3B-9D10-B0F278C671E4}.AppStore|iPhone.ActiveCfg = Release|Any CPU
		{1C2073B0-B1E6-4D3B-9D10-B0F278C671E4}.AppStore|iPhone.Build.0 = Release|Any CPU
		{1C2073B0-B1E6-4D3B-9D10-B0F278C671E4}.AppStore|iPhoneSimulator.ActiveCfg = Release|Any CPU
		{1C2073B0-B1E6-4D3B-9D10-B0F278C671E4}.AppStore|iPhoneSimulator.Build.0 = Release|Any CPU
		{1C2073B0-B1E6-4D3B-9D10-B0F278C671E4}.Debug|Any CPU.ActiveCfg = Debug|Any CPU
		{1C2073B0-B1E6-4D3B-9D10-B0F278C671E4}.Debug|Any CPU.Build.0 = Debug|Any CPU
		{1C2073B0-B1E6-4D3B-9D10-B0F278C671E4}.Debug|iPhone.ActiveCfg = Debug|Any CPU
		{1C2073B0-B1E6-4D3B-9D10-B0F278C671E4}.Debug|iPhone.Build.0 = Debug|Any CPU
		{1C2073B0-B1E6-4D3B-9D10-B0F278C671E4}.Debug|iPhoneSimulator.ActiveCfg = Debug|Any CPU
		{1C2073B0-B1E6-4D3B-9D10-B0F278C671E4}.Debug|iPhoneSimulator.Build.0 = Debug|Any CPU
		{1C2073B0-B1E6-4D3B-9D10-B0F278C671E4}.Release|Any CPU.ActiveCfg = Release|Any CPU
		{1C2073B0-B1E6-4D3B-9D10-B0F278C671E4}.Release|Any CPU.Build.0 = Release|Any CPU
		{1C2073B0-B1E6-4D3B-9D10-B0F278C671E4}.Release|iPhone.ActiveCfg = Release|Any CPU
		{1C2073B0-B1E6-4D3B-9D10-B0F278C671E4}.Release|iPhone.Build.0 = Release|Any CPU
		{1C2073B0-B1E6-4D3B-9D10-B0F278C671E4}.Release|iPhoneSimulator.ActiveCfg = Release|Any CPU
		{1C2073B0-B1E6-4D3B-9D10-B0F278C671E4}.Release|iPhoneSimulator.Build.0 = Release|Any CPU
		{9E8132CD-599E-420A-9619-E60650D7E87B}.Ad-Hoc|Any CPU.ActiveCfg = Release|Any CPU
		{9E8132CD-599E-420A-9619-E60650D7E87B}.Ad-Hoc|Any CPU.Build.0 = Release|Any CPU
		{9E8132CD-599E-420A-9619-E60650D7E87B}.Ad-Hoc|Any CPU.Deploy.0 = Release|Any CPU
		{9E8132CD-599E-420A-9619-E60650D7E87B}.Ad-Hoc|iPhone.ActiveCfg = Release|Any CPU
		{9E8132CD-599E-420A-9619-E60650D7E87B}.Ad-Hoc|iPhone.Build.0 = Release|Any CPU
		{9E8132CD-599E-420A-9619-E60650D7E87B}.Ad-Hoc|iPhone.Deploy.0 = Release|Any CPU
		{9E8132CD-599E-420A-9619-E60650D7E87B}.Ad-Hoc|iPhoneSimulator.ActiveCfg = Release|Any CPU
		{9E8132CD-599E-420A-9619-E60650D7E87B}.Ad-Hoc|iPhoneSimulator.Build.0 = Release|Any CPU
		{9E8132CD-599E-420A-9619-E60650D7E87B}.Ad-Hoc|iPhoneSimulator.Deploy.0 = Release|Any CPU
		{9E8132CD-599E-420A-9619-E60650D7E87B}.AppStore|Any CPU.ActiveCfg = Release|Any CPU
		{9E8132CD-599E-420A-9619-E60650D7E87B}.AppStore|Any CPU.Build.0 = Release|Any CPU
		{9E8132CD-599E-420A-9619-E60650D7E87B}.AppStore|Any CPU.Deploy.0 = Release|Any CPU
		{9E8132CD-599E-420A-9619-E60650D7E87B}.AppStore|iPhone.ActiveCfg = Release|Any CPU
		{9E8132CD-599E-420A-9619-E60650D7E87B}.AppStore|iPhone.Build.0 = Release|Any CPU
		{9E8132CD-599E-420A-9619-E60650D7E87B}.AppStore|iPhone.Deploy.0 = Release|Any CPU
		{9E8132CD-599E-420A-9619-E60650D7E87B}.AppStore|iPhoneSimulator.ActiveCfg = Release|Any CPU
		{9E8132CD-599E-420A-9619-E60650D7E87B}.AppStore|iPhoneSimulator.Build.0 = Release|Any CPU
		{9E8132CD-599E-420A-9619-E60650D7E87B}.AppStore|iPhoneSimulator.Deploy.0 = Release|Any CPU
		{9E8132CD-599E-420A-9619-E60650D7E87B}.Debug|Any CPU.ActiveCfg = Debug|Any CPU
		{9E8132CD-599E-420A-9619-E60650D7E87B}.Debug|Any CPU.Build.0 = Debug|Any CPU
		{9E8132CD-599E-420A-9619-E60650D7E87B}.Debug|Any CPU.Deploy.0 = Debug|Any CPU
		{9E8132CD-599E-420A-9619-E60650D7E87B}.Debug|iPhone.ActiveCfg = Debug|Any CPU
		{9E8132CD-599E-420A-9619-E60650D7E87B}.Debug|iPhone.Build.0 = Debug|Any CPU
		{9E8132CD-599E-420A-9619-E60650D7E87B}.Debug|iPhone.Deploy.0 = Debug|Any CPU
		{9E8132CD-599E-420A-9619-E60650D7E87B}.Debug|iPhoneSimulator.ActiveCfg = Debug|Any CPU
		{9E8132CD-599E-420A-9619-E60650D7E87B}.Debug|iPhoneSimulator.Build.0 = Debug|Any CPU
		{9E8132CD-599E-420A-9619-E60650D7E87B}.Debug|iPhoneSimulator.Deploy.0 = Debug|Any CPU
		{9E8132CD-599E-420A-9619-E60650D7E87B}.Release|Any CPU.ActiveCfg = Release|Any CPU
		{9E8132CD-599E-420A-9619-E60650D7E87B}.Release|Any CPU.Build.0 = Release|Any CPU
		{9E8132CD-599E-420A-9619-E60650D7E87B}.Release|Any CPU.Deploy.0 = Release|Any CPU
		{9E8132CD-599E-420A-9619-E60650D7E87B}.Release|iPhone.ActiveCfg = Release|Any CPU
		{9E8132CD-599E-420A-9619-E60650D7E87B}.Release|iPhone.Build.0 = Release|Any CPU
		{9E8132CD-599E-420A-9619-E60650D7E87B}.Release|iPhone.Deploy.0 = Release|Any CPU
		{9E8132CD-599E-420A-9619-E60650D7E87B}.Release|iPhoneSimulator.ActiveCfg = Release|Any CPU
		{9E8132CD-599E-420A-9619-E60650D7E87B}.Release|iPhoneSimulator.Build.0 = Release|Any CPU
		{9E8132CD-599E-420A-9619-E60650D7E87B}.Release|iPhoneSimulator.Deploy.0 = Release|Any CPU
		{A0DE0A26-8484-4854-B27F-B567F33EB595}.Ad-Hoc|Any CPU.ActiveCfg = Release|Any CPU
		{A0DE0A26-8484-4854-B27F-B567F33EB595}.Ad-Hoc|Any CPU.Build.0 = Release|Any CPU
		{A0DE0A26-8484-4854-B27F-B567F33EB595}.Ad-Hoc|iPhone.ActiveCfg = Release|Any CPU
		{A0DE0A26-8484-4854-B27F-B567F33EB595}.Ad-Hoc|iPhone.Build.0 = Release|Any CPU
		{A0DE0A26-8484-4854-B27F-B567F33EB595}.Ad-Hoc|iPhoneSimulator.ActiveCfg = Release|Any CPU
		{A0DE0A26-8484-4854-B27F-B567F33EB595}.Ad-Hoc|iPhoneSimulator.Build.0 = Release|Any CPU
		{A0DE0A26-8484-4854-B27F-B567F33EB595}.AppStore|Any CPU.ActiveCfg = Release|Any CPU
		{A0DE0A26-8484-4854-B27F-B567F33EB595}.AppStore|Any CPU.Build.0 = Release|Any CPU
		{A0DE0A26-8484-4854-B27F-B567F33EB595}.AppStore|iPhone.ActiveCfg = Release|Any CPU
		{A0DE0A26-8484-4854-B27F-B567F33EB595}.AppStore|iPhone.Build.0 = Release|Any CPU
		{A0DE0A26-8484-4854-B27F-B567F33EB595}.AppStore|iPhoneSimulator.ActiveCfg = Release|Any CPU
		{A0DE0A26-8484-4854-B27F-B567F33EB595}.AppStore|iPhoneSimulator.Build.0 = Release|Any CPU
		{A0DE0A26-8484-4854-B27F-B567F33EB595}.Debug|Any CPU.ActiveCfg = Debug|Any CPU
		{A0DE0A26-8484-4854-B27F-B567F33EB595}.Debug|Any CPU.Build.0 = Debug|Any CPU
		{A0DE0A26-8484-4854-B27F-B567F33EB595}.Debug|iPhone.ActiveCfg = Debug|Any CPU
		{A0DE0A26-8484-4854-B27F-B567F33EB595}.Debug|iPhone.Build.0 = Debug|Any CPU
		{A0DE0A26-8484-4854-B27F-B567F33EB595}.Debug|iPhoneSimulator.ActiveCfg = Debug|Any CPU
		{A0DE0A26-8484-4854-B27F-B567F33EB595}.Debug|iPhoneSimulator.Build.0 = Debug|Any CPU
		{A0DE0A26-8484-4854-B27F-B567F33EB595}.Release|Any CPU.ActiveCfg = Release|Any CPU
		{A0DE0A26-8484-4854-B27F-B567F33EB595}.Release|Any CPU.Build.0 = Release|Any CPU
		{A0DE0A26-8484-4854-B27F-B567F33EB595}.Release|iPhone.ActiveCfg = Release|Any CPU
		{A0DE0A26-8484-4854-B27F-B567F33EB595}.Release|iPhone.Build.0 = Release|Any CPU
		{A0DE0A26-8484-4854-B27F-B567F33EB595}.Release|iPhoneSimulator.ActiveCfg = Release|Any CPU
		{A0DE0A26-8484-4854-B27F-B567F33EB595}.Release|iPhoneSimulator.Build.0 = Release|Any CPU
	EndGlobalSection
	GlobalSection(SolutionProperties) = preSolution
		HideSolutionNode = FALSE
	EndGlobalSection
	GlobalSection(NestedProjects) = preSolution
		{67F9D3A8-F71E-4428-913F-C37AE82CDB24} = {971D2D67-0318-450E-B771-26D5413F26EF}
		{551A030E-FE19-440D-BB94-CB9718044D1B} = {971D2D67-0318-450E-B771-26D5413F26EF}
		{DF4E848F-0022-4F23-967B-60C71D504306} = {971D2D67-0318-450E-B771-26D5413F26EF}
		{0EB99783-5885-4F3F-A5AD-9CFD3FF9BBF1} = {971D2D67-0318-450E-B771-26D5413F26EF}
		{4A2DE420-9044-4788-AAD5-D0D811E27943} = {971D2D67-0318-450E-B771-26D5413F26EF}
		{D480A440-318D-4CD2-A662-17D6179B14DE} = {971D2D67-0318-450E-B771-26D5413F26EF}
		{1C2073B0-B1E6-4D3B-9D10-B0F278C671E4} = {971D2D67-0318-450E-B771-26D5413F26EF}
		{9E8132CD-599E-420A-9619-E60650D7E87B} = {4CABA5A1-8168-41E8-A735-3C7CD31485F1}
		{A0DE0A26-8484-4854-B27F-B567F33EB595} = {4CABA5A1-8168-41E8-A735-3C7CD31485F1}
	EndGlobalSection
	GlobalSection(TeamFoundationVersionControl) = preSolution
		SccNumberOfProjects = 13
		SccEnterpriseProvider = {4CA58AB2-18FA-4F8D-95D4-32DDF27D184C}
		SccTeamFoundationServer = https://climbercoder.visualstudio.com/
		SccLocalPath0 = .
		SccProjectUniqueName1 = Acquaint.Common.Droid\\JonnyGallo.Common.Droid.csproj
		SccProjectTopLevelParentUniqueName1 = JonnyGallo.sln
		SccProjectName1 = Acquaint.Common.Droid
		SccLocalPath1 = Acquaint.Common.Droid
		SccProjectUniqueName2 = JonnyGallo.Abstractions\\JonnyGallo.Abstractions.csproj
		SccProjectTopLevelParentUniqueName2 = JonnyGallo.sln
		SccProjectName2 = JonnyGallo.Abstractions
		SccLocalPath2 = JonnyGallo.Abstractions
		SccProjectUniqueName3 = JonnyGallo.Common.iOS\\JonnyGallo.Common.iOS.csproj
		SccProjectTopLevelParentUniqueName3 = JonnyGallo.sln
		SccProjectName3 = JonnyGallo.Common.iOS
		SccLocalPath3 = JonnyGallo.Common.iOS
		SccProjectUniqueName4 = JonnyGallo.Data\\JonnyGallo.Data.csproj
		SccProjectTopLevelParentUniqueName4 = JonnyGallo.sln
		SccProjectName4 = JonnyGallo.Data
		SccLocalPath4 = JonnyGallo.Data
		SccProjectUniqueName5 = JonnyGallo.ModelContracts\\JonnyGallo.ModelContracts.csproj
		SccProjectTopLevelParentUniqueName5 = JonnyGallo.sln
		SccProjectName5 = JonnyGallo.ModelContracts
		SccLocalPath5 = JonnyGallo.ModelContracts
		SccProjectUniqueName6 = JonnyGallo.Models\\JonnyGallo.Models.csproj
		SccProjectTopLevelParentUniqueName6 = JonnyGallo.sln
		SccProjectName6 = JonnyGallo.Models
		SccLocalPath6 = JonnyGallo.Models
		SccProjectUniqueName7 = JonnyGallo.Util\\JonnyGallo.Util.csproj
		SccProjectTopLevelParentUniqueName7 = JonnyGallo.sln
		SccProjectName7 = JonnyGallo.Util
		SccLocalPath7 = JonnyGallo.Util
		SccProjectUniqueName8 = JonnyGallo\\JonnyGallo.Droid\\JonnyGallo.Droid.csproj
		SccProjectName8 = JonnyGallo/JonnyGallo.Droid
		SccLocalPath8 = JonnyGallo\\JonnyGallo.Droid
		SccProjectUniqueName9 = JonnyGallo\\JonnyGallo.iOS\\JonnyGallo.iOS.csproj
		SccProjectName9 = JonnyGallo/JonnyGallo.iOS
		SccLocalPath9 = JonnyGallo\\JonnyGallo.iOS
		SccProjectUniqueName10 = JonnyGallo\\JonnyGallo\\JonnyGallo.csproj
		SccProjectName10 = JonnyGallo/JonnyGallo
		SccLocalPath10 = JonnyGallo\\JonnyGallo
		SccProjectUniqueName11 = UnitTest\\UnitTest.csproj
		SccProjectTopLevelParentUniqueName11 = JonnyGallo.sln
		SccProjectName11 = UnitTest
		SccLocalPath11 = UnitTest
		SccProjectUniqueName12 = UnitTestAndroid\\UnitTestAndroid.csproj
		SccProjectTopLevelParentUniqueName12 = JonnyGallo.sln
		SccProjectName12 = UnitTestAndroid
		SccLocalPath12 = UnitTestAndroid
	EndGlobalSection
EndGlobal
